
Microsoft Visual Studio Solution File, Format Version 12.00
# Visual Studio 15
VisualStudioVersion = 15.0.27130.2010
MinimumVisualStudioVersion = 10.0.40219.1
Project("{888888A0-9F3D-457C-B088-3A5042F75D52}") = "PythonApplication5 roan", "PythonApplication5 roan\PythonApplication5 roan.pyproj", "{6CD3A274-774B-48C0-9D68-54B82B9F1060}"
EndProject
Global
	GlobalSection(SolutionConfigurationPlatforms) = preSolution
		Debug|Any CPU = Debug|Any CPU
		Release|Any CPU = Release|Any CPU
	EndGlobalSection
	GlobalSection(ProjectConfigurationPlatforms) = postSolution
		{6CD3A274-774B-48C0-9D68-54B82B9F1060}.Debug|Any CPU.ActiveCfg = Debug|Any CPU
		{6CD3A274-774B-48C0-9D68-54B82B9F1060}.Release|Any CPU.ActiveCfg = Release|Any CPU
	EndGlobalSection
	GlobalSection(SolutionProperties) = preSolution
		HideSolutionNode = FALSE
	EndGlobalSection
	GlobalSection(ExtensibilityGlobals) = postSolution
		SolutionGuid = {A5FD2585-C801-47FC-BD99-023611A712E0}
	EndGlobalSection
EndGlobal
